
Microsoft Visual Studio Solution File, Format Version 12.00
# Visual Studio Version 17
VisualStudioVersion = 17.3.32804.467
MinimumVisualStudioVersion = 10.0.40219.1
Project("{9A19103F-16F7-4668-BE54-9A1E7A4F7556}") = "My.DDD.CQRS.Temp6.Api", "My.DDD.CQRS.Temp6.Api\My.DDD.CQRS.Temp6.Api.csproj", "{3C8ED947-7C85-4C1B-B2B8-7CB37970B022}"
EndProject
Project("{2150E333-8FDC-42A3-9474-1A3956D46DE8}") = "1.Interface", "1.Interface", "{1EE2CCF9-03DB-483E-A0F4-06BE3B6F3AD8}"
EndProject
Project("{2150E333-8FDC-42A3-9474-1A3956D46DE8}") = "2.Business", "2.Business", "{6819735C-7840-4993-A93D-CDB52C770A83}"
EndProject
Project("{2150E333-8FDC-42A3-9474-1A3956D46DE8}") = "3.Infrastructure", "3.Infrastructure", "{3C09E1D0-C056-4905-9BD3-AE1846438879}"
EndProject
Project("{9A19103F-16F7-4668-BE54-9A1E7A4F7556}") = "My.DDD.CQRS.Temp6.Application", "My.DDD.CQRS.Temp6.Application\My.DDD.CQRS.Temp6.Application.csproj", "{9EB1AEDF-8A31-4F72-803F-25C83AFDB829}"
EndProject
Project("{9A19103F-16F7-4668-BE54-9A1E7A4F7556}") = "My.DDD.CQRS.Temp6.DBAccess", "My.DDD.CQRS.Temp6.DBAccess\My.DDD.CQRS.Temp6.DBAccess.csproj", "{BD2E2770-ABEC-4A06-A0C5-2AAE25216946}"
EndProject
Project("{9A19103F-16F7-4668-BE54-9A1E7A4F7556}") = "My.DDD.CQRS.Temp6.HttpClients", "My.DDD.CQRS.Temp6.HttpClients\My.DDD.CQRS.Temp6.HttpClients.csproj", "{15E57AE2-DCCB-4328-93D7-3FBF5547648F}"
EndProject
Project("{9A19103F-16F7-4668-BE54-9A1E7A4F7556}") = "My.DDD.CQRS.Temp6.Domain", "My.DDD.CQRS.Temp6.Domain\My.DDD.CQRS.Temp6.Domain.csproj", "{342AA315-DEFE-47C1-A9A3-684889FD3DA1}"
EndProject
Project("{9A19103F-16F7-4668-BE54-9A1E7A4F7556}") = "My.DDD.CQRS.Temp6.Contracts", "My.DDD.CQRS.Temp6.Contracts\My.DDD.CQRS.Temp6.Contracts.csproj", "{39220016-FCE0-42A2-8D3C-5F58F8372B75}"
EndProject
Project("{2150E333-8FDC-42A3-9474-1A3956D46DE8}") = "7.Solution items", "7.Solution items", "{B74E2DE2-522E-4ACF-A6BB-76B3487690F8}"
	ProjectSection(SolutionItems) = preProject
		README.md = README.md
		.template.config\template.json = .template.config\template.json
		vstemplate.xml = vstemplate.xml
	EndProjectSection
EndProject
Project("{9A19103F-16F7-4668-BE54-9A1E7A4F7556}") = "My.DDD.CQRS.Temp6.Http.Bootstrap", "My.DDD.CQRS.Temp6.Http.Bootstrap\My.DDD.CQRS.Temp6.Http.Bootstrap.csproj", "{BF8AD4B6-334A-4E88-AF42-AD7A0398B268}"
EndProject
Project("{2150E333-8FDC-42A3-9474-1A3956D46DE8}") = "4.Common", "4.Common", "{547E316F-8A32-495F-B099-887395A11C6F}"
EndProject
Project("{9A19103F-16F7-4668-BE54-9A1E7A4F7556}") = "My.DDD.CQRS.Temp6.Logging", "My.DDD.CQRS.Temp6.Logging\My.DDD.CQRS.Temp6.Logging.csproj", "{745137BD-90F0-4165-8573-1F45E7DE7A9E}"
EndProject
Project("{9A19103F-16F7-4668-BE54-9A1E7A4F7556}") = "My.DDD.CQRS.Temp6.AzureTables", "My.DDD.CQRS.Temp6.AzureTables\My.DDD.CQRS.Temp6.AzureTables.csproj", "{5887A2F1-E48A-417D-88CC-2EF1E6FDCB80}"
EndProject
Project("{9A19103F-16F7-4668-BE54-9A1E7A4F7556}") = "My.DDD.CQRS.Temp6.AzureStorage", "My.DDD.CQRS.Temp6.AzureStorage\My.DDD.CQRS.Temp6.AzureStorage.csproj", "{84604806-63F4-4FF0-ABC0-46C71BF025A3}"
EndProject
Project("{2150E333-8FDC-42A3-9474-1A3956D46DE8}") = "6.Tests", "6.Tests", "{939F592A-052B-453E-8025-1500240EC4F4}"
EndProject
Project("{9A19103F-16F7-4668-BE54-9A1E7A4F7556}") = "My.DDD.CQRS.Temp6.Domain.Tests", "My.DDD.CQRS.Temp6.Domain.Tests\My.DDD.CQRS.Temp6.Domain.Tests.csproj", "{ABB842E7-B535-4253-BCB6-C02F94506D89}"
EndProject
Project("{9A19103F-16F7-4668-BE54-9A1E7A4F7556}") = "My.DDD.CQRS.Temp6.Application.Tests", "My.DDD.CQRS.Temp6.Application.Tests\My.DDD.CQRS.Temp6.Application.Tests.csproj", "{92633677-BEE5-46E0-951D-38A6726971E2}"
EndProject
Project("{2150E333-8FDC-42A3-9474-1A3956D46DE8}") = "5.Job", "5.Job", "{61FD41B6-CCDE-4B5B-A052-0FCE06BB5C89}"
EndProject
Project("{9A19103F-16F7-4668-BE54-9A1E7A4F7556}") = "My.DDD.CQRS.Temp6.RandomJob", "My.DDD.CQRS.Temp6.RandomJob\My.DDD.CQRS.Temp6.RandomJob.csproj", "{4594AF1A-DF42-4A2A-93C5-318ACA6BB871}"
EndProject
Project("{9A19103F-16F7-4668-BE54-9A1E7A4F7556}") = "My.DDD.CQRS.Temp6.WorkService", "My.DDD.CQRS.Temp6.WorkService\My.DDD.CQRS.Temp6.WorkService.csproj", "{375BC24C-72D3-44E9-8468-AA81CA5E4DC0}"
EndProject
Project("{E53339B2-1760-4266-BCC7-CA923CBCF16C}") = "docker-compose", "docker-compose.dcproj", "{2096BBA1-7D9A-440B-AA87-18D00696F9D4}"
EndProject
Project("{9A19103F-16F7-4668-BE54-9A1E7A4F7556}") = "My.DDD.CQRS.Temp6.EventBus", "My.DDD.CQRS.Temp6.EventBus\My.DDD.CQRS.Temp6.EventBus.csproj", "{E6A734D7-E465-4B8D-A71E-B70035DC93B0}"
EndProject
Project("{FAE04EC0-301F-11D3-BF4B-00C04F79EFBC}") = "MY.DDD.CQRS.Temp6.CQRS", "MY.DDD.CQRS.Temp6.CQRS\MY.DDD.CQRS.Temp6.CQRS.csproj", "{5BF5D0F8-1FD4-413B-8651-A48507FF29CC}"
EndProject
Global
	GlobalSection(SolutionConfigurationPlatforms) = preSolution
		Debug|Any CPU = Debug|Any CPU
		Release|Any CPU = Release|Any CPU
	EndGlobalSection
	GlobalSection(ProjectConfigurationPlatforms) = postSolution
		{3C8ED947-7C85-4C1B-B2B8-7CB37970B022}.Debug|Any CPU.ActiveCfg = Debug|Any CPU
		{3C8ED947-7C85-4C1B-B2B8-7CB37970B022}.Debug|Any CPU.Build.0 = Debug|Any CPU
		{3C8ED947-7C85-4C1B-B2B8-7CB37970B022}.Release|Any CPU.ActiveCfg = Release|Any CPU
		{3C8ED947-7C85-4C1B-B2B8-7CB37970B022}.Release|Any CPU.Build.0 = Release|Any CPU
		{9EB1AEDF-8A31-4F72-803F-25C83AFDB829}.Debug|Any CPU.ActiveCfg = Debug|Any CPU
		{9EB1AEDF-8A31-4F72-803F-25C83AFDB829}.Debug|Any CPU.Build.0 = Debug|Any CPU
		{9EB1AEDF-8A31-4F72-803F-25C83AFDB829}.Release|Any CPU.ActiveCfg = Release|Any CPU
		{9EB1AEDF-8A31-4F72-803F-25C83AFDB829}.Release|Any CPU.Build.0 = Release|Any CPU
		{BD2E2770-ABEC-4A06-A0C5-2AAE25216946}.Debug|Any CPU.ActiveCfg = Debug|Any CPU
		{BD2E2770-ABEC-4A06-A0C5-2AAE25216946}.Debug|Any CPU.Build.0 = Debug|Any CPU
		{BD2E2770-ABEC-4A06-A0C5-2AAE25216946}.Release|Any CPU.ActiveCfg = Release|Any CPU
		{BD2E2770-ABEC-4A06-A0C5-2AAE25216946}.Release|Any CPU.Build.0 = Release|Any CPU
		{15E57AE2-DCCB-4328-93D7-3FBF5547648F}.Debug|Any CPU.ActiveCfg = Debug|Any CPU
		{15E57AE2-DCCB-4328-93D7-3FBF5547648F}.Debug|Any CPU.Build.0 = Debug|Any CPU
		{15E57AE2-DCCB-4328-93D7-3FBF5547648F}.Release|Any CPU.ActiveCfg = Release|Any CPU
		{15E57AE2-DCCB-4328-93D7-3FBF5547648F}.Release|Any CPU.Build.0 = Release|Any CPU
		{342AA315-DEFE-47C1-A9A3-684889FD3DA1}.Debug|Any CPU.ActiveCfg = Debug|Any CPU
		{342AA315-DEFE-47C1-A9A3-684889FD3DA1}.Debug|Any CPU.Build.0 = Debug|Any CPU
		{342AA315-DEFE-47C1-A9A3-684889FD3DA1}.Release|Any CPU.ActiveCfg = Release|Any CPU
		{342AA315-DEFE-47C1-A9A3-684889FD3DA1}.Release|Any CPU.Build.0 = Release|Any CPU
		{39220016-FCE0-42A2-8D3C-5F58F8372B75}.Debug|Any CPU.ActiveCfg = Debug|Any CPU
		{39220016-FCE0-42A2-8D3C-5F58F8372B75}.Debug|Any CPU.Build.0 = Debug|Any CPU
		{39220016-FCE0-42A2-8D3C-5F58F8372B75}.Release|Any CPU.ActiveCfg = Release|Any CPU
		{39220016-FCE0-42A2-8D3C-5F58F8372B75}.Release|Any CPU.Build.0 = Release|Any CPU
		{BF8AD4B6-334A-4E88-AF42-AD7A0398B268}.Debug|Any CPU.ActiveCfg = Debug|Any CPU
		{BF8AD4B6-334A-4E88-AF42-AD7A0398B268}.Debug|Any CPU.Build.0 = Debug|Any CPU
		{BF8AD4B6-334A-4E88-AF42-AD7A0398B268}.Release|Any CPU.ActiveCfg = Release|Any CPU
		{BF8AD4B6-334A-4E88-AF42-AD7A0398B268}.Release|Any CPU.Build.0 = Release|Any CPU
		{745137BD-90F0-4165-8573-1F45E7DE7A9E}.Debug|Any CPU.ActiveCfg = Debug|Any CPU
		{745137BD-90F0-4165-8573-1F45E7DE7A9E}.Debug|Any CPU.Build.0 = Debug|Any CPU
		{745137BD-90F0-4165-8573-1F45E7DE7A9E}.Release|Any CPU.ActiveCfg = Release|Any CPU
		{745137BD-90F0-4165-8573-1F45E7DE7A9E}.Release|Any CPU.Build.0 = Release|Any CPU
		{5887A2F1-E48A-417D-88CC-2EF1E6FDCB80}.Debug|Any CPU.ActiveCfg = Debug|Any CPU
		{5887A2F1-E48A-417D-88CC-2EF1E6FDCB80}.Debug|Any CPU.Build.0 = Debug|Any CPU
		{5887A2F1-E48A-417D-88CC-2EF1E6FDCB80}.Release|Any CPU.ActiveCfg = Release|Any CPU
		{5887A2F1-E48A-417D-88CC-2EF1E6FDCB80}.Release|Any CPU.Build.0 = Release|Any CPU
		{84604806-63F4-4FF0-ABC0-46C71BF025A3}.Debug|Any CPU.ActiveCfg = Debug|Any CPU
		{84604806-63F4-4FF0-ABC0-46C71BF025A3}.Debug|Any CPU.Build.0 = Debug|Any CPU
		{84604806-63F4-4FF0-ABC0-46C71BF025A3}.Release|Any CPU.ActiveCfg = Release|Any CPU
		{84604806-63F4-4FF0-ABC0-46C71BF025A3}.Release|Any CPU.Build.0 = Release|Any CPU
		{ABB842E7-B535-4253-BCB6-C02F94506D89}.Debug|Any CPU.ActiveCfg = Debug|Any CPU
		{ABB842E7-B535-4253-BCB6-C02F94506D89}.Debug|Any CPU.Build.0 = Debug|Any CPU
		{ABB842E7-B535-4253-BCB6-C02F94506D89}.Release|Any CPU.ActiveCfg = Release|Any CPU
		{ABB842E7-B535-4253-BCB6-C02F94506D89}.Release|Any CPU.Build.0 = Release|Any CPU
		{92633677-BEE5-46E0-951D-38A6726971E2}.Debug|Any CPU.ActiveCfg = Debug|Any CPU
		{92633677-BEE5-46E0-951D-38A6726971E2}.Debug|Any CPU.Build.0 = Debug|Any CPU
		{92633677-BEE5-46E0-951D-38A6726971E2}.Release|Any CPU.ActiveCfg = Release|Any CPU
		{92633677-BEE5-46E0-951D-38A6726971E2}.Release|Any CPU.Build.0 = Release|Any CPU
		{4594AF1A-DF42-4A2A-93C5-318ACA6BB871}.Debug|Any CPU.ActiveCfg = Debug|Any CPU
		{4594AF1A-DF42-4A2A-93C5-318ACA6BB871}.Debug|Any CPU.Build.0 = Debug|Any CPU
		{4594AF1A-DF42-4A2A-93C5-318ACA6BB871}.Release|Any CPU.ActiveCfg = Release|Any CPU
		{4594AF1A-DF42-4A2A-93C5-318ACA6BB871}.Release|Any CPU.Build.0 = Release|Any CPU
		{375BC24C-72D3-44E9-8468-AA81CA5E4DC0}.Debug|Any CPU.ActiveCfg = Debug|Any CPU
		{375BC24C-72D3-44E9-8468-AA81CA5E4DC0}.Debug|Any CPU.Build.0 = Debug|Any CPU
		{375BC24C-72D3-44E9-8468-AA81CA5E4DC0}.Release|Any CPU.ActiveCfg = Release|Any CPU
		{375BC24C-72D3-44E9-8468-AA81CA5E4DC0}.Release|Any CPU.Build.0 = Release|Any CPU
		{2096BBA1-7D9A-440B-AA87-18D00696F9D4}.Debug|Any CPU.ActiveCfg = Debug|Any CPU
		{2096BBA1-7D9A-440B-AA87-18D00696F9D4}.Debug|Any CPU.Build.0 = Debug|Any CPU
		{2096BBA1-7D9A-440B-AA87-18D00696F9D4}.Release|Any CPU.ActiveCfg = Release|Any CPU
		{2096BBA1-7D9A-440B-AA87-18D00696F9D4}.Release|Any CPU.Build.0 = Release|Any CPU
		{E6A734D7-E465-4B8D-A71E-B70035DC93B0}.Debug|Any CPU.ActiveCfg = Debug|Any CPU
		{E6A734D7-E465-4B8D-A71E-B70035DC93B0}.Debug|Any CPU.Build.0 = Debug|Any CPU
		{E6A734D7-E465-4B8D-A71E-B70035DC93B0}.Release|Any CPU.ActiveCfg = Release|Any CPU
		{E6A734D7-E465-4B8D-A71E-B70035DC93B0}.Release|Any CPU.Build.0 = Release|Any CPU
		{5BF5D0F8-1FD4-413B-8651-A48507FF29CC}.Debug|Any CPU.ActiveCfg = Debug|Any CPU
		{5BF5D0F8-1FD4-413B-8651-A48507FF29CC}.Debug|Any CPU.Build.0 = Debug|Any CPU
		{5BF5D0F8-1FD4-413B-8651-A48507FF29CC}.Release|Any CPU.ActiveCfg = Release|Any CPU
		{5BF5D0F8-1FD4-413B-8651-A48507FF29CC}.Release|Any CPU.Build.0 = Release|Any CPU
	EndGlobalSection
	GlobalSection(SolutionProperties) = preSolution
		HideSolutionNode = FALSE
	EndGlobalSection
	GlobalSection(NestedProjects) = preSolution
		{3C8ED947-7C85-4C1B-B2B8-7CB37970B022} = {1EE2CCF9-03DB-483E-A0F4-06BE3B6F3AD8}
		{9EB1AEDF-8A31-4F72-803F-25C83AFDB829} = {6819735C-7840-4993-A93D-CDB52C770A83}
		{BD2E2770-ABEC-4A06-A0C5-2AAE25216946} = {3C09E1D0-C056-4905-9BD3-AE1846438879}
		{15E57AE2-DCCB-4328-93D7-3FBF5547648F} = {3C09E1D0-C056-4905-9BD3-AE1846438879}
		{342AA315-DEFE-47C1-A9A3-684889FD3DA1} = {6819735C-7840-4993-A93D-CDB52C770A83}
		{39220016-FCE0-42A2-8D3C-5F58F8372B75} = {6819735C-7840-4993-A93D-CDB52C770A83}
		{BF8AD4B6-334A-4E88-AF42-AD7A0398B268} = {547E316F-8A32-495F-B099-887395A11C6F}
		{745137BD-90F0-4165-8573-1F45E7DE7A9E} = {547E316F-8A32-495F-B099-887395A11C6F}
		{5887A2F1-E48A-417D-88CC-2EF1E6FDCB80} = {3C09E1D0-C056-4905-9BD3-AE1846438879}
		{84604806-63F4-4FF0-ABC0-46C71BF025A3} = {547E316F-8A32-495F-B099-887395A11C6F}
		{ABB842E7-B535-4253-BCB6-C02F94506D89} = {939F592A-052B-453E-8025-1500240EC4F4}
		{92633677-BEE5-46E0-951D-38A6726971E2} = {939F592A-052B-453E-8025-1500240EC4F4}
		{4594AF1A-DF42-4A2A-93C5-318ACA6BB871} = {61FD41B6-CCDE-4B5B-A052-0FCE06BB5C89}
		{375BC24C-72D3-44E9-8468-AA81CA5E4DC0} = {61FD41B6-CCDE-4B5B-A052-0FCE06BB5C89}
		{2096BBA1-7D9A-440B-AA87-18D00696F9D4} = {1EE2CCF9-03DB-483E-A0F4-06BE3B6F3AD8}
		{E6A734D7-E465-4B8D-A71E-B70035DC93B0} = {547E316F-8A32-495F-B099-887395A11C6F}
		{5BF5D0F8-1FD4-413B-8651-A48507FF29CC} = {547E316F-8A32-495F-B099-887395A11C6F}
	EndGlobalSection
	GlobalSection(ExtensibilityGlobals) = postSolution
		SolutionGuid = {083E0A83-02C5-4256-B083-0183DD10895B}
	EndGlobalSection
EndGlobal
