
Microsoft Visual Studio Solution File, Format Version 12.00
# Visual Studio Version 17
VisualStudioVersion = 17.3.32804.467
MinimumVisualStudioVersion = 10.0.40219.1
Project("{FAE04EC0-301F-11D3-BF4B-00C04F79EFBC}") = "My.DDD.CQRS.Temp6.Api", "My.DDD.CQRS.Temp6.Api\My.DDD.CQRS.Temp6.Api.csproj", "{3C8ED947-7C85-4C1B-B2B8-7CB37970B022}"
EndProject
Project("{2150E333-8FDC-42A3-9474-1A3956D46DE8}") = "1.Interface", "1.Interface", "{1EE2CCF9-03DB-483E-A0F4-06BE3B6F3AD8}"
EndProject
Project("{2150E333-8FDC-42A3-9474-1A3956D46DE8}") = "2.Metier", "2.Metier", "{6819735C-7840-4993-A93D-CDB52C770A83}"
EndProject
Project("{2150E333-8FDC-42A3-9474-1A3956D46DE8}") = "3.Infrastructure", "3.Infrastructure", "{3C09E1D0-C056-4905-9BD3-AE1846438879}"
EndProject
Project("{2150E333-8FDC-42A3-9474-1A3956D46DE8}") = "5.Tests", "5.Tests", "{09733E84-8640-4658-9808-2902FF8B9FB7}"
EndProject
Project("{FAE04EC0-301F-11D3-BF4B-00C04F79EFBC}") = "My.DDD.CQRS.Temp6.Application", "My.DDD.CQRS.Temp6.Application\My.DDD.CQRS.Temp6.Application.csproj", "{9EB1AEDF-8A31-4F72-803F-25C83AFDB829}"
EndProject
Project("{FAE04EC0-301F-11D3-BF4B-00C04F79EFBC}") = "My.DDD.CQRS.Temp6.DBAccess", "My.DDD.CQRS.Temp6.DBAccess\My.DDD.CQRS.Temp6.DBAccess.csproj", "{BD2E2770-ABEC-4A06-A0C5-2AAE25216946}"
EndProject
Project("{FAE04EC0-301F-11D3-BF4B-00C04F79EFBC}") = "My.DDD.CQRS.Temp6.HttpClient", "My.DDD.CQRS.Temp6.HttpClient\My.DDD.CQRS.Temp6.HttpClient.csproj", "{15E57AE2-DCCB-4328-93D7-3FBF5547648F}"
EndProject
Project("{FAE04EC0-301F-11D3-BF4B-00C04F79EFBC}") = "My.DDD.CQRS.Temp6.Application.Tests", "My.DDD.CQRS.Temp6.Application.Tests\My.DDD.CQRS.Temp6.Application.Tests.csproj", "{07666E6C-FBA6-4E9B-B622-326DC3DDAAB3}"
EndProject
Project("{9A19103F-16F7-4668-BE54-9A1E7A4F7556}") = "My.DDD.CQRS.Temp6.Domain", "My.DDD.CQRS.Temp6.Domain\My.DDD.CQRS.Temp6.Domain.csproj", "{342AA315-DEFE-47C1-A9A3-684889FD3DA1}"
EndProject
Project("{9A19103F-16F7-4668-BE54-9A1E7A4F7556}") = "My.DDD.CQRS.Temp6.Contracts", "My.DDD.CQRS.Temp6.Contracts\My.DDD.CQRS.Temp6.Contracts.csproj", "{39220016-FCE0-42A2-8D3C-5F58F8372B75}"
EndProject
Project("{FAE04EC0-301F-11D3-BF4B-00C04F79EFBC}") = "My.DDD.CQRS.Temp6.Domain.Tests", "My.DDD.CQRS.Temp6.Domain.Tests\My.DDD.CQRS.Temp6.Domain.Tests.csproj", "{05EF95E2-34BE-412E-AA20-58B67F3E7514}"
EndProject
Project("{2150E333-8FDC-42A3-9474-1A3956D46DE8}") = "6.Solution items", "6.Solution items", "{B74E2DE2-522E-4ACF-A6BB-76B3487690F8}"
EndProject
Project("{FAE04EC0-301F-11D3-BF4B-00C04F79EFBC}") = "My.DDD.CQRS.Temp6.Http.Bootstrap", "My.DDD.CQRS.Temp6.Http.Bootstrap\My.DDD.CQRS.Temp6.Http.Bootstrap.csproj", "{BF8AD4B6-334A-4E88-AF42-AD7A0398B268}"
EndProject
Project("{2150E333-8FDC-42A3-9474-1A3956D46DE8}") = "4.Common", "4.Common", "{547E316F-8A32-495F-B099-887395A11C6F}"
EndProject
Project("{FAE04EC0-301F-11D3-BF4B-00C04F79EFBC}") = "My.DDD.CQRS.Temp6.Reflection", "My.DDD.CQRS.Temp6.Reflection\My.DDD.CQRS.Temp6.Reflection.csproj", "{6B2FE5CD-7F09-409C-A959-59B815F25B85}"
EndProject
Project("{FAE04EC0-301F-11D3-BF4B-00C04F79EFBC}") = "My.DDD.CQRS.Temp6.Logging", "My.DDD.CQRS.Temp6.Logging\My.DDD.CQRS.Temp6.Logging.csproj", "{745137BD-90F0-4165-8573-1F45E7DE7A9E}"
EndProject
Global
	GlobalSection(SolutionConfigurationPlatforms) = preSolution
		Debug|Any CPU = Debug|Any CPU
		Release|Any CPU = Release|Any CPU
	EndGlobalSection
	GlobalSection(ProjectConfigurationPlatforms) = postSolution
		{3C8ED947-7C85-4C1B-B2B8-7CB37970B022}.Debug|Any CPU.ActiveCfg = Debug|Any CPU
		{3C8ED947-7C85-4C1B-B2B8-7CB37970B022}.Debug|Any CPU.Build.0 = Debug|Any CPU
		{3C8ED947-7C85-4C1B-B2B8-7CB37970B022}.Release|Any CPU.ActiveCfg = Release|Any CPU
		{3C8ED947-7C85-4C1B-B2B8-7CB37970B022}.Release|Any CPU.Build.0 = Release|Any CPU
		{9EB1AEDF-8A31-4F72-803F-25C83AFDB829}.Debug|Any CPU.ActiveCfg = Debug|Any CPU
		{9EB1AEDF-8A31-4F72-803F-25C83AFDB829}.Debug|Any CPU.Build.0 = Debug|Any CPU
		{9EB1AEDF-8A31-4F72-803F-25C83AFDB829}.Release|Any CPU.ActiveCfg = Release|Any CPU
		{9EB1AEDF-8A31-4F72-803F-25C83AFDB829}.Release|Any CPU.Build.0 = Release|Any CPU
		{BD2E2770-ABEC-4A06-A0C5-2AAE25216946}.Debug|Any CPU.ActiveCfg = Debug|Any CPU
		{BD2E2770-ABEC-4A06-A0C5-2AAE25216946}.Debug|Any CPU.Build.0 = Debug|Any CPU
		{BD2E2770-ABEC-4A06-A0C5-2AAE25216946}.Release|Any CPU.ActiveCfg = Release|Any CPU
		{BD2E2770-ABEC-4A06-A0C5-2AAE25216946}.Release|Any CPU.Build.0 = Release|Any CPU
		{15E57AE2-DCCB-4328-93D7-3FBF5547648F}.Debug|Any CPU.ActiveCfg = Debug|Any CPU
		{15E57AE2-DCCB-4328-93D7-3FBF5547648F}.Debug|Any CPU.Build.0 = Debug|Any CPU
		{15E57AE2-DCCB-4328-93D7-3FBF5547648F}.Release|Any CPU.ActiveCfg = Release|Any CPU
		{15E57AE2-DCCB-4328-93D7-3FBF5547648F}.Release|Any CPU.Build.0 = Release|Any CPU
		{07666E6C-FBA6-4E9B-B622-326DC3DDAAB3}.Debug|Any CPU.ActiveCfg = Debug|Any CPU
		{07666E6C-FBA6-4E9B-B622-326DC3DDAAB3}.Debug|Any CPU.Build.0 = Debug|Any CPU
		{07666E6C-FBA6-4E9B-B622-326DC3DDAAB3}.Release|Any CPU.ActiveCfg = Release|Any CPU
		{07666E6C-FBA6-4E9B-B622-326DC3DDAAB3}.Release|Any CPU.Build.0 = Release|Any CPU
		{342AA315-DEFE-47C1-A9A3-684889FD3DA1}.Debug|Any CPU.ActiveCfg = Debug|Any CPU
		{342AA315-DEFE-47C1-A9A3-684889FD3DA1}.Debug|Any CPU.Build.0 = Debug|Any CPU
		{342AA315-DEFE-47C1-A9A3-684889FD3DA1}.Release|Any CPU.ActiveCfg = Release|Any CPU
		{342AA315-DEFE-47C1-A9A3-684889FD3DA1}.Release|Any CPU.Build.0 = Release|Any CPU
		{39220016-FCE0-42A2-8D3C-5F58F8372B75}.Debug|Any CPU.ActiveCfg = Debug|Any CPU
		{39220016-FCE0-42A2-8D3C-5F58F8372B75}.Debug|Any CPU.Build.0 = Debug|Any CPU
		{39220016-FCE0-42A2-8D3C-5F58F8372B75}.Release|Any CPU.ActiveCfg = Release|Any CPU
		{39220016-FCE0-42A2-8D3C-5F58F8372B75}.Release|Any CPU.Build.0 = Release|Any CPU
		{05EF95E2-34BE-412E-AA20-58B67F3E7514}.Debug|Any CPU.ActiveCfg = Debug|Any CPU
		{05EF95E2-34BE-412E-AA20-58B67F3E7514}.Debug|Any CPU.Build.0 = Debug|Any CPU
		{05EF95E2-34BE-412E-AA20-58B67F3E7514}.Release|Any CPU.ActiveCfg = Release|Any CPU
		{05EF95E2-34BE-412E-AA20-58B67F3E7514}.Release|Any CPU.Build.0 = Release|Any CPU
		{BF8AD4B6-334A-4E88-AF42-AD7A0398B268}.Debug|Any CPU.ActiveCfg = Debug|Any CPU
		{BF8AD4B6-334A-4E88-AF42-AD7A0398B268}.Debug|Any CPU.Build.0 = Debug|Any CPU
		{BF8AD4B6-334A-4E88-AF42-AD7A0398B268}.Release|Any CPU.ActiveCfg = Release|Any CPU
		{BF8AD4B6-334A-4E88-AF42-AD7A0398B268}.Release|Any CPU.Build.0 = Release|Any CPU
		{6B2FE5CD-7F09-409C-A959-59B815F25B85}.Debug|Any CPU.ActiveCfg = Debug|Any CPU
		{6B2FE5CD-7F09-409C-A959-59B815F25B85}.Debug|Any CPU.Build.0 = Debug|Any CPU
		{6B2FE5CD-7F09-409C-A959-59B815F25B85}.Release|Any CPU.ActiveCfg = Release|Any CPU
		{6B2FE5CD-7F09-409C-A959-59B815F25B85}.Release|Any CPU.Build.0 = Release|Any CPU
		{745137BD-90F0-4165-8573-1F45E7DE7A9E}.Debug|Any CPU.ActiveCfg = Debug|Any CPU
		{745137BD-90F0-4165-8573-1F45E7DE7A9E}.Debug|Any CPU.Build.0 = Debug|Any CPU
		{745137BD-90F0-4165-8573-1F45E7DE7A9E}.Release|Any CPU.ActiveCfg = Release|Any CPU
		{745137BD-90F0-4165-8573-1F45E7DE7A9E}.Release|Any CPU.Build.0 = Release|Any CPU
	EndGlobalSection
	GlobalSection(SolutionProperties) = preSolution
		HideSolutionNode = FALSE
	EndGlobalSection
	GlobalSection(NestedProjects) = preSolution
		{3C8ED947-7C85-4C1B-B2B8-7CB37970B022} = {1EE2CCF9-03DB-483E-A0F4-06BE3B6F3AD8}
		{9EB1AEDF-8A31-4F72-803F-25C83AFDB829} = {6819735C-7840-4993-A93D-CDB52C770A83}
		{BD2E2770-ABEC-4A06-A0C5-2AAE25216946} = {3C09E1D0-C056-4905-9BD3-AE1846438879}
		{15E57AE2-DCCB-4328-93D7-3FBF5547648F} = {3C09E1D0-C056-4905-9BD3-AE1846438879}
		{07666E6C-FBA6-4E9B-B622-326DC3DDAAB3} = {09733E84-8640-4658-9808-2902FF8B9FB7}
		{342AA315-DEFE-47C1-A9A3-684889FD3DA1} = {6819735C-7840-4993-A93D-CDB52C770A83}
		{39220016-FCE0-42A2-8D3C-5F58F8372B75} = {6819735C-7840-4993-A93D-CDB52C770A83}
		{05EF95E2-34BE-412E-AA20-58B67F3E7514} = {09733E84-8640-4658-9808-2902FF8B9FB7}
		{BF8AD4B6-334A-4E88-AF42-AD7A0398B268} = {547E316F-8A32-495F-B099-887395A11C6F}
		{6B2FE5CD-7F09-409C-A959-59B815F25B85} = {547E316F-8A32-495F-B099-887395A11C6F}
		{745137BD-90F0-4165-8573-1F45E7DE7A9E} = {547E316F-8A32-495F-B099-887395A11C6F}
	EndGlobalSection
	GlobalSection(ExtensibilityGlobals) = postSolution
		SolutionGuid = {083E0A83-02C5-4256-B083-0183DD10895B}
	EndGlobalSection
EndGlobal
